// !$*UTF8*$!
{
	archiveVersion = 1;
	classes = {
	};
	objectVersion = 46;
	objects = {

/* Begin PBXBuildFile section */
		18EFC57E199BC3720037DB2E /* PokerViewController.m in Sources */ = {isa = PBXBuildFile; fileRef = 18EFC57D199BC3720037DB2E /* PokerViewController.m */; };
		2D6703F1199BAE7600E1FEE3 /* Foundation.framework in Frameworks */ = {isa = PBXBuildFile; fileRef = 2D6703F0199BAE7600E1FEE3 /* Foundation.framework */; };
		2D6703F3199BAE7600E1FEE3 /* CoreGraphics.framework in Frameworks */ = {isa = PBXBuildFile; fileRef = 2D6703F2199BAE7600E1FEE3 /* CoreGraphics.framework */; };
		2D6703F5199BAE7600E1FEE3 /* UIKit.framework in Frameworks */ = {isa = PBXBuildFile; fileRef = 2D6703F4199BAE7600E1FEE3 /* UIKit.framework */; };
		2D6703FB199BAE7600E1FEE3 /* InfoPlist.strings in Resources */ = {isa = PBXBuildFile; fileRef = 2D6703F9199BAE7600E1FEE3 /* InfoPlist.strings */; };
		2D6703FD199BAE7600E1FEE3 /* main.m in Sources */ = {isa = PBXBuildFile; fileRef = 2D6703FC199BAE7600E1FEE3 /* main.m */; };
		2D670401199BAE7600E1FEE3 /* AppDelegate.m in Sources */ = {isa = PBXBuildFile; fileRef = 2D670400199BAE7600E1FEE3 /* AppDelegate.m */; };
		2D670404199BAE7600E1FEE3 /* Main.storyboard in Resources */ = {isa = PBXBuildFile; fileRef = 2D670402199BAE7600E1FEE3 /* Main.storyboard */; };
		2D670407199BAE7600E1FEE3 /* ViewController.m in Sources */ = {isa = PBXBuildFile; fileRef = 2D670406199BAE7600E1FEE3 /* ViewController.m */; };
		2D670409199BAE7600E1FEE3 /* Images.xcassets in Resources */ = {isa = PBXBuildFile; fileRef = 2D670408199BAE7600E1FEE3 /* Images.xcassets */; };
		2D670410199BAE7600E1FEE3 /* XCTest.framework in Frameworks */ = {isa = PBXBuildFile; fileRef = 2D67040F199BAE7600E1FEE3 /* XCTest.framework */; };
		2D670411199BAE7600E1FEE3 /* Foundation.framework in Frameworks */ = {isa = PBXBuildFile; fileRef = 2D6703F0199BAE7600E1FEE3 /* Foundation.framework */; };
		2D670412199BAE7600E1FEE3 /* UIKit.framework in Frameworks */ = {isa = PBXBuildFile; fileRef = 2D6703F4199BAE7600E1FEE3 /* UIKit.framework */; };
		2D67041A199BAE7600E1FEE3 /* InfoPlist.strings in Resources */ = {isa = PBXBuildFile; fileRef = 2D670418199BAE7600E1FEE3 /* InfoPlist.strings */; };
		2D67041C199BAE7600E1FEE3 /* iPokerTests.m in Sources */ = {isa = PBXBuildFile; fileRef = 2D67041B199BAE7600E1FEE3 /* iPokerTests.m */; };
		2D67042A199BAFCD00E1FEE3 /* AsyncSocket.m in Sources */ = {isa = PBXBuildFile; fileRef = 2D670429199BAFCD00E1FEE3 /* AsyncSocket.m */; };
		2D670430199BB00800E1FEE3 /* NSDictionary+JSONCategories.m in Sources */ = {isa = PBXBuildFile; fileRef = 2D67042C199BB00800E1FEE3 /* NSDictionary+JSONCategories.m */; };
		2D670431199BB00800E1FEE3 /* NSMutableArray+NSMutableArrayAdditions.m in Sources */ = {isa = PBXBuildFile; fileRef = 2D67042E199BB00800E1FEE3 /* NSMutableArray+NSMutableArrayAdditions.m */; };
		2D67043E199BB02E00E1FEE3 /* ClientManager.m in Sources */ = {isa = PBXBuildFile; fileRef = 2D670433199BB02E00E1FEE3 /* ClientManager.m */; };
		2D67043F199BB02E00E1FEE3 /* PokerCard.m in Sources */ = {isa = PBXBuildFile; fileRef = 2D670435199BB02E00E1FEE3 /* PokerCard.m */; };
		2D670440199BB02E00E1FEE3 /* PokerDeck.m in Sources */ = {isa = PBXBuildFile; fileRef = 2D670437199BB02E00E1FEE3 /* PokerDeck.m */; };
		2D670441199BB02E00E1FEE3 /* PokerGame.m in Sources */ = {isa = PBXBuildFile; fileRef = 2D670439199BB02E00E1FEE3 /* PokerGame.m */; };
		2D670442199BB02E00E1FEE3 /* PokerPlayer.m in Sources */ = {isa = PBXBuildFile; fileRef = 2D67043B199BB02E00E1FEE3 /* PokerPlayer.m */; };
		2D670443199BB02E00E1FEE3 /* ServerManager.m in Sources */ = {isa = PBXBuildFile; fileRef = 2D67043D199BB02E00E1FEE3 /* ServerManager.m */; };
/* End PBXBuildFile section */

/* Begin PBXContainerItemProxy section */
		2D670413199BAE7600E1FEE3 /* PBXContainerItemProxy */ = {
			isa = PBXContainerItemProxy;
			containerPortal = 2D6703E5199BAE7600E1FEE3 /* Project object */;
			proxyType = 1;
			remoteGlobalIDString = 2D6703EC199BAE7600E1FEE3;
			remoteInfo = iPoker;
		};
/* End PBXContainerItemProxy section */

/* Begin PBXFileReference section */
		18EFC57C199BC3720037DB2E /* PokerViewController.h */ = {isa = PBXFileReference; fileEncoding = 4; lastKnownFileType = sourcecode.c.h; path = PokerViewController.h; sourceTree = "<group>"; };
		18EFC57D199BC3720037DB2E /* PokerViewController.m */ = {isa = PBXFileReference; fileEncoding = 4; lastKnownFileType = sourcecode.c.objc; path = PokerViewController.m; sourceTree = "<group>"; };
		2D6703ED199BAE7600E1FEE3 /* iPoker.app */ = {isa = PBXFileReference; explicitFileType = wrapper.application; includeInIndex = 0; path = iPoker.app; sourceTree = BUILT_PRODUCTS_DIR; };
		2D6703F0199BAE7600E1FEE3 /* Foundation.framework */ = {isa = PBXFileReference; lastKnownFileType = wrapper.framework; name = Foundation.framework; path = System/Library/Frameworks/Foundation.framework; sourceTree = SDKROOT; };
		2D6703F2199BAE7600E1FEE3 /* CoreGraphics.framework */ = {isa = PBXFileReference; lastKnownFileType = wrapper.framework; name = CoreGraphics.framework; path = System/Library/Frameworks/CoreGraphics.framework; sourceTree = SDKROOT; };
		2D6703F4199BAE7600E1FEE3 /* UIKit.framework */ = {isa = PBXFileReference; lastKnownFileType = wrapper.framework; name = UIKit.framework; path = System/Library/Frameworks/UIKit.framework; sourceTree = SDKROOT; };
		2D6703F8199BAE7600E1FEE3 /* iPoker-Info.plist */ = {isa = PBXFileReference; lastKnownFileType = text.plist.xml; path = "iPoker-Info.plist"; sourceTree = "<group>"; };
		2D6703FA199BAE7600E1FEE3 /* en */ = {isa = PBXFileReference; lastKnownFileType = text.plist.strings; name = en; path = en.lproj/InfoPlist.strings; sourceTree = "<group>"; };
		2D6703FC199BAE7600E1FEE3 /* main.m */ = {isa = PBXFileReference; lastKnownFileType = sourcecode.c.objc; path = main.m; sourceTree = "<group>"; };
		2D6703FE199BAE7600E1FEE3 /* iPoker-Prefix.pch */ = {isa = PBXFileReference; lastKnownFileType = sourcecode.c.h; path = "iPoker-Prefix.pch"; sourceTree = "<group>"; };
		2D6703FF199BAE7600E1FEE3 /* AppDelegate.h */ = {isa = PBXFileReference; lastKnownFileType = sourcecode.c.h; path = AppDelegate.h; sourceTree = "<group>"; };
		2D670400199BAE7600E1FEE3 /* AppDelegate.m */ = {isa = PBXFileReference; lastKnownFileType = sourcecode.c.objc; path = AppDelegate.m; sourceTree = "<group>"; };
		2D670403199BAE7600E1FEE3 /* Base */ = {isa = PBXFileReference; lastKnownFileType = file.storyboard; name = Base; path = Base.lproj/Main.storyboard; sourceTree = "<group>"; };
		2D670405199BAE7600E1FEE3 /* ViewController.h */ = {isa = PBXFileReference; lastKnownFileType = sourcecode.c.h; path = ViewController.h; sourceTree = "<group>"; };
		2D670406199BAE7600E1FEE3 /* ViewController.m */ = {isa = PBXFileReference; lastKnownFileType = sourcecode.c.objc; path = ViewController.m; sourceTree = "<group>"; };
		2D670408199BAE7600E1FEE3 /* Images.xcassets */ = {isa = PBXFileReference; lastKnownFileType = folder.assetcatalog; path = Images.xcassets; sourceTree = "<group>"; };
		2D67040E199BAE7600E1FEE3 /* iPokerTests.xctest */ = {isa = PBXFileReference; explicitFileType = wrapper.cfbundle; includeInIndex = 0; path = iPokerTests.xctest; sourceTree = BUILT_PRODUCTS_DIR; };
		2D67040F199BAE7600E1FEE3 /* XCTest.framework */ = {isa = PBXFileReference; lastKnownFileType = wrapper.framework; name = XCTest.framework; path = Library/Frameworks/XCTest.framework; sourceTree = DEVELOPER_DIR; };
		2D670417199BAE7600E1FEE3 /* iPokerTests-Info.plist */ = {isa = PBXFileReference; lastKnownFileType = text.plist.xml; path = "iPokerTests-Info.plist"; sourceTree = "<group>"; };
		2D670419199BAE7600E1FEE3 /* en */ = {isa = PBXFileReference; lastKnownFileType = text.plist.strings; name = en; path = en.lproj/InfoPlist.strings; sourceTree = "<group>"; };
		2D67041B199BAE7600E1FEE3 /* iPokerTests.m */ = {isa = PBXFileReference; lastKnownFileType = sourcecode.c.objc; path = iPokerTests.m; sourceTree = "<group>"; };
		2D670428199BAFCD00E1FEE3 /* AsyncSocket.h */ = {isa = PBXFileReference; fileEncoding = 4; lastKnownFileType = sourcecode.c.h; path = AsyncSocket.h; sourceTree = "<group>"; };
		2D670429199BAFCD00E1FEE3 /* AsyncSocket.m */ = {isa = PBXFileReference; fileEncoding = 4; lastKnownFileType = sourcecode.c.objc; path = AsyncSocket.m; sourceTree = "<group>"; };
		2D67042B199BB00800E1FEE3 /* NSDictionary+JSONCategories.h */ = {isa = PBXFileReference; fileEncoding = 4; lastKnownFileType = sourcecode.c.h; path = "NSDictionary+JSONCategories.h"; sourceTree = "<group>"; };
		2D67042C199BB00800E1FEE3 /* NSDictionary+JSONCategories.m */ = {isa = PBXFileReference; fileEncoding = 4; lastKnownFileType = sourcecode.c.objc; path = "NSDictionary+JSONCategories.m"; sourceTree = "<group>"; };
		2D67042D199BB00800E1FEE3 /* NSMutableArray+NSMutableArrayAdditions.h */ = {isa = PBXFileReference; fileEncoding = 4; lastKnownFileType = sourcecode.c.h; path = "NSMutableArray+NSMutableArrayAdditions.h"; sourceTree = "<group>"; };
		2D67042E199BB00800E1FEE3 /* NSMutableArray+NSMutableArrayAdditions.m */ = {isa = PBXFileReference; fileEncoding = 4; lastKnownFileType = sourcecode.c.objc; path = "NSMutableArray+NSMutableArrayAdditions.m"; sourceTree = "<group>"; };
		2D67042F199BB00800E1FEE3 /* PokerGame+PrivateMethods.h */ = {isa = PBXFileReference; fileEncoding = 4; lastKnownFileType = sourcecode.c.h; path = "PokerGame+PrivateMethods.h"; sourceTree = "<group>"; };
		2D670432199BB02E00E1FEE3 /* ClientManager.h */ = {isa = PBXFileReference; fileEncoding = 4; lastKnownFileType = sourcecode.c.h; path = ClientManager.h; sourceTree = "<group>"; };
		2D670433199BB02E00E1FEE3 /* ClientManager.m */ = {isa = PBXFileReference; fileEncoding = 4; lastKnownFileType = sourcecode.c.objc; path = ClientManager.m; sourceTree = "<group>"; };
		2D670434199BB02E00E1FEE3 /* PokerCard.h */ = {isa = PBXFileReference; fileEncoding = 4; lastKnownFileType = sourcecode.c.h; path = PokerCard.h; sourceTree = "<group>"; };
		2D670435199BB02E00E1FEE3 /* PokerCard.m */ = {isa = PBXFileReference; fileEncoding = 4; lastKnownFileType = sourcecode.c.objc; path = PokerCard.m; sourceTree = "<group>"; };
		2D670436199BB02E00E1FEE3 /* PokerDeck.h */ = {isa = PBXFileReference; fileEncoding = 4; lastKnownFileType = sourcecode.c.h; path = PokerDeck.h; sourceTree = "<group>"; };
		2D670437199BB02E00E1FEE3 /* PokerDeck.m */ = {isa = PBXFileReference; fileEncoding = 4; lastKnownFileType = sourcecode.c.objc; path = PokerDeck.m; sourceTree = "<group>"; };
		2D670438199BB02E00E1FEE3 /* PokerGame.h */ = {isa = PBXFileReference; fileEncoding = 4; lastKnownFileType = sourcecode.c.h; path = PokerGame.h; sourceTree = "<group>"; };
		2D670439199BB02E00E1FEE3 /* PokerGame.m */ = {isa = PBXFileReference; fileEncoding = 4; lastKnownFileType = sourcecode.c.objc; path = PokerGame.m; sourceTree = "<group>"; };
		2D67043A199BB02E00E1FEE3 /* PokerPlayer.h */ = {isa = PBXFileReference; fileEncoding = 4; lastKnownFileType = sourcecode.c.h; path = PokerPlayer.h; sourceTree = "<group>"; };
		2D67043B199BB02E00E1FEE3 /* PokerPlayer.m */ = {isa = PBXFileReference; fileEncoding = 4; lastKnownFileType = sourcecode.c.objc; path = PokerPlayer.m; sourceTree = "<group>"; };
		2D67043C199BB02E00E1FEE3 /* ServerManager.h */ = {isa = PBXFileReference; fileEncoding = 4; lastKnownFileType = sourcecode.c.h; path = ServerManager.h; sourceTree = "<group>"; };
		2D67043D199BB02E00E1FEE3 /* ServerManager.m */ = {isa = PBXFileReference; fileEncoding = 4; lastKnownFileType = sourcecode.c.objc; path = ServerManager.m; sourceTree = "<group>"; };
/* End PBXFileReference section */

/* Begin PBXFrameworksBuildPhase section */
		2D6703EA199BAE7600E1FEE3 /* Frameworks */ = {
			isa = PBXFrameworksBuildPhase;
			buildActionMask = 2147483647;
			files = (
				2D6703F3199BAE7600E1FEE3 /* CoreGraphics.framework in Frameworks */,
				2D6703F5199BAE7600E1FEE3 /* UIKit.framework in Frameworks */,
				2D6703F1199BAE7600E1FEE3 /* Foundation.framework in Frameworks */,
			);
			runOnlyForDeploymentPostprocessing = 0;
		};
		2D67040B199BAE7600E1FEE3 /* Frameworks */ = {
			isa = PBXFrameworksBuildPhase;
			buildActionMask = 2147483647;
			files = (
				2D670410199BAE7600E1FEE3 /* XCTest.framework in Frameworks */,
				2D670412199BAE7600E1FEE3 /* UIKit.framework in Frameworks */,
				2D670411199BAE7600E1FEE3 /* Foundation.framework in Frameworks */,
			);
			runOnlyForDeploymentPostprocessing = 0;
		};
/* End PBXFrameworksBuildPhase section */

/* Begin PBXGroup section */
		2D6703E4199BAE7600E1FEE3 = {
			isa = PBXGroup;
			children = (
				2D6703F6199BAE7600E1FEE3 /* iPoker */,
				2D670415199BAE7600E1FEE3 /* iPokerTests */,
				2D6703EF199BAE7600E1FEE3 /* Frameworks */,
				2D6703EE199BAE7600E1FEE3 /* Products */,
			);
			sourceTree = "<group>";
		};
		2D6703EE199BAE7600E1FEE3 /* Products */ = {
			isa = PBXGroup;
			children = (
				2D6703ED199BAE7600E1FEE3 /* iPoker.app */,
				2D67040E199BAE7600E1FEE3 /* iPokerTests.xctest */,
			);
			name = Products;
			sourceTree = "<group>";
		};
		2D6703EF199BAE7600E1FEE3 /* Frameworks */ = {
			isa = PBXGroup;
			children = (
				2D6703F0199BAE7600E1FEE3 /* Foundation.framework */,
				2D6703F2199BAE7600E1FEE3 /* CoreGraphics.framework */,
				2D6703F4199BAE7600E1FEE3 /* UIKit.framework */,
				2D67040F199BAE7600E1FEE3 /* XCTest.framework */,
			);
			name = Frameworks;
			sourceTree = "<group>";
		};
		2D6703F6199BAE7600E1FEE3 /* iPoker */ = {
			isa = PBXGroup;
			children = (
				2D670425199BAEDA00E1FEE3 /* Library */,
				2D670426199BAEEE00E1FEE3 /* Category */,
				2D670427199BAF0800E1FEE3 /* Model */,
				2D670402199BAE7600E1FEE3 /* Main.storyboard */,
				2D670405199BAE7600E1FEE3 /* ViewController.h */,
				2D670406199BAE7600E1FEE3 /* ViewController.m */,
				18EFC57C199BC3720037DB2E /* PokerViewController.h */,
				18EFC57D199BC3720037DB2E /* PokerViewController.m */,
				2D670408199BAE7600E1FEE3 /* Images.xcassets */,
				2D6703F7199BAE7600E1FEE3 /* Supporting Files */,
			);
			path = iPoker;
			sourceTree = "<group>";
		};
		2D6703F7199BAE7600E1FEE3 /* Supporting Files */ = {
			isa = PBXGroup;
			children = (
				2D6703F8199BAE7600E1FEE3 /* iPoker-Info.plist */,
				2D6703FF199BAE7600E1FEE3 /* AppDelegate.h */,
				2D670400199BAE7600E1FEE3 /* AppDelegate.m */,
				2D6703F9199BAE7600E1FEE3 /* InfoPlist.strings */,
				2D6703FC199BAE7600E1FEE3 /* main.m */,
				2D6703FE199BAE7600E1FEE3 /* iPoker-Prefix.pch */,
			);
			name = "Supporting Files";
			sourceTree = "<group>";
		};
		2D670415199BAE7600E1FEE3 /* iPokerTests */ = {
			isa = PBXGroup;
			children = (
				2D67041B199BAE7600E1FEE3 /* iPokerTests.m */,
				2D670416199BAE7600E1FEE3 /* Supporting Files */,
			);
			path = iPokerTests;
			sourceTree = "<group>";
		};
		2D670416199BAE7600E1FEE3 /* Supporting Files */ = {
			isa = PBXGroup;
			children = (
				2D670417199BAE7600E1FEE3 /* iPokerTests-Info.plist */,
				2D670418199BAE7600E1FEE3 /* InfoPlist.strings */,
			);
			name = "Supporting Files";
			sourceTree = "<group>";
		};
		2D670425199BAEDA00E1FEE3 /* Library */ = {
			isa = PBXGroup;
			children = (
				2D670428199BAFCD00E1FEE3 /* AsyncSocket.h */,
				2D670429199BAFCD00E1FEE3 /* AsyncSocket.m */,
			);
			name = Library;
			sourceTree = "<group>";
		};
		2D670426199BAEEE00E1FEE3 /* Category */ = {
			isa = PBXGroup;
			children = (
				2D67042B199BB00800E1FEE3 /* NSDictionary+JSONCategories.h */,
				2D67042C199BB00800E1FEE3 /* NSDictionary+JSONCategories.m */,
				2D67042D199BB00800E1FEE3 /* NSMutableArray+NSMutableArrayAdditions.h */,
				2D67042E199BB00800E1FEE3 /* NSMutableArray+NSMutableArrayAdditions.m */,
				2D67042F199BB00800E1FEE3 /* PokerGame+PrivateMethods.h */,
			);
			name = Category;
			sourceTree = "<group>";
		};
		2D670427199BAF0800E1FEE3 /* Model */ = {
			isa = PBXGroup;
			children = (
				2D670432199BB02E00E1FEE3 /* ClientManager.h */,
				2D670433199BB02E00E1FEE3 /* ClientManager.m */,
				2D670434199BB02E00E1FEE3 /* PokerCard.h */,
				2D670435199BB02E00E1FEE3 /* PokerCard.m */,
				2D670436199BB02E00E1FEE3 /* PokerDeck.h */,
				2D670437199BB02E00E1FEE3 /* PokerDeck.m */,
				2D670438199BB02E00E1FEE3 /* PokerGame.h */,
				2D670439199BB02E00E1FEE3 /* PokerGame.m */,
				2D67043A199BB02E00E1FEE3 /* PokerPlayer.h */,
				2D67043B199BB02E00E1FEE3 /* PokerPlayer.m */,
				2D67043C199BB02E00E1FEE3 /* ServerManager.h */,
				2D67043D199BB02E00E1FEE3 /* ServerManager.m */,
			);
			name = Model;
			sourceTree = "<group>";
		};
/* End PBXGroup section */

/* Begin PBXNativeTarget section */
		2D6703EC199BAE7600E1FEE3 /* iPoker */ = {
			isa = PBXNativeTarget;
			buildConfigurationList = 2D67041F199BAE7600E1FEE3 /* Build configuration list for PBXNativeTarget "iPoker" */;
			buildPhases = (
				2D6703E9199BAE7600E1FEE3 /* Sources */,
				2D6703EA199BAE7600E1FEE3 /* Frameworks */,
				2D6703EB199BAE7600E1FEE3 /* Resources */,
			);
			buildRules = (
			);
			dependencies = (
			);
			name = iPoker;
			productName = iPoker;
			productReference = 2D6703ED199BAE7600E1FEE3 /* iPoker.app */;
			productType = "com.apple.product-type.application";
		};
		2D67040D199BAE7600E1FEE3 /* iPokerTests */ = {
			isa = PBXNativeTarget;
			buildConfigurationList = 2D670422199BAE7600E1FEE3 /* Build configuration list for PBXNativeTarget "iPokerTests" */;
			buildPhases = (
				2D67040A199BAE7600E1FEE3 /* Sources */,
				2D67040B199BAE7600E1FEE3 /* Frameworks */,
				2D67040C199BAE7600E1FEE3 /* Resources */,
			);
			buildRules = (
			);
			dependencies = (
				2D670414199BAE7600E1FEE3 /* PBXTargetDependency */,
			);
			name = iPokerTests;
			productName = iPokerTests;
			productReference = 2D67040E199BAE7600E1FEE3 /* iPokerTests.xctest */;
			productType = "com.apple.product-type.bundle.unit-test";
		};
/* End PBXNativeTarget section */

/* Begin PBXProject section */
		2D6703E5199BAE7600E1FEE3 /* Project object */ = {
			isa = PBXProject;
			attributes = {
				LastUpgradeCheck = 0510;
				ORGANIZATIONNAME = pku;
				TargetAttributes = {
					2D67040D199BAE7600E1FEE3 = {
						TestTargetID = 2D6703EC199BAE7600E1FEE3;
					};
				};
			};
			buildConfigurationList = 2D6703E8199BAE7600E1FEE3 /* Build configuration list for PBXProject "iPoker" */;
			compatibilityVersion = "Xcode 3.2";
			developmentRegion = English;
			hasScannedForEncodings = 0;
			knownRegions = (
				en,
				Base,
			);
			mainGroup = 2D6703E4199BAE7600E1FEE3;
			productRefGroup = 2D6703EE199BAE7600E1FEE3 /* Products */;
			projectDirPath = "";
			projectRoot = "";
			targets = (
				2D6703EC199BAE7600E1FEE3 /* iPoker */,
				2D67040D199BAE7600E1FEE3 /* iPokerTests */,
			);
		};
/* End PBXProject section */

/* Begin PBXResourcesBuildPhase section */
		2D6703EB199BAE7600E1FEE3 /* Resources */ = {
			isa = PBXResourcesBuildPhase;
			buildActionMask = 2147483647;
			files = (
				2D670409199BAE7600E1FEE3 /* Images.xcassets in Resources */,
				2D6703FB199BAE7600E1FEE3 /* InfoPlist.strings in Resources */,
				2D670404199BAE7600E1FEE3 /* Main.storyboard in Resources */,
			);
			runOnlyForDeploymentPostprocessing = 0;
		};
		2D67040C199BAE7600E1FEE3 /* Resources */ = {
			isa = PBXResourcesBuildPhase;
			buildActionMask = 2147483647;
			files = (
				2D67041A199BAE7600E1FEE3 /* InfoPlist.strings in Resources */,
			);
			runOnlyForDeploymentPostprocessing = 0;
		};
/* End PBXResourcesBuildPhase section */

/* Begin PBXSourcesBuildPhase section */
		2D6703E9199BAE7600E1FEE3 /* Sources */ = {
			isa = PBXSourcesBuildPhase;
			buildActionMask = 2147483647;
			files = (
				2D670443199BB02E00E1FEE3 /* ServerManager.m in Sources */,
				2D670407199BAE7600E1FEE3 /* ViewController.m in Sources */,
				2D67043F199BB02E00E1FEE3 /* PokerCard.m in Sources */,
				2D670431199BB00800E1FEE3 /* NSMutableArray+NSMutableArrayAdditions.m in Sources */,
				2D670441199BB02E00E1FEE3 /* PokerGame.m in Sources */,
				2D670442199BB02E00E1FEE3 /* PokerPlayer.m in Sources */,
				2D67043E199BB02E00E1FEE3 /* ClientManager.m in Sources */,
				2D670430199BB00800E1FEE3 /* NSDictionary+JSONCategories.m in Sources */,
				2D670401199BAE7600E1FEE3 /* AppDelegate.m in Sources */,
				2D6703FD199BAE7600E1FEE3 /* main.m in Sources */,
				2D670440199BB02E00E1FEE3 /* PokerDeck.m in Sources */,
				18EFC57E199BC3720037DB2E /* PokerViewController.m in Sources */,
				2D67042A199BAFCD00E1FEE3 /* AsyncSocket.m in Sources */,
			);
			runOnlyForDeploymentPostprocessing = 0;
		};
		2D67040A199BAE7600E1FEE3 /* Sources */ = {
			isa = PBXSourcesBuildPhase;
			buildActionMask = 2147483647;
			files = (
				2D67041C199BAE7600E1FEE3 /* iPokerTests.m in Sources */,
			);
			runOnlyForDeploymentPostprocessing = 0;
		};
/* End PBXSourcesBuildPhase section */

/* Begin PBXTargetDependency section */
		2D670414199BAE7600E1FEE3 /* PBXTargetDependency */ = {
			isa = PBXTargetDependency;
			target = 2D6703EC199BAE7600E1FEE3 /* iPoker */;
			targetProxy = 2D670413199BAE7600E1FEE3 /* PBXContainerItemProxy */;
		};
/* End PBXTargetDependency section */

/* Begin PBXVariantGroup section */
		2D6703F9199BAE7600E1FEE3 /* InfoPlist.strings */ = {
			isa = PBXVariantGroup;
			children = (
				2D6703FA199BAE7600E1FEE3 /* en */,
			);
			name = InfoPlist.strings;
			sourceTree = "<group>";
		};
		2D670402199BAE7600E1FEE3 /* Main.storyboard */ = {
			isa = PBXVariantGroup;
			children = (
				2D670403199BAE7600E1FEE3 /* Base */,
			);
			name = Main.storyboard;
			sourceTree = "<group>";
		};
		2D670418199BAE7600E1FEE3 /* InfoPlist.strings */ = {
			isa = PBXVariantGroup;
			children = (
				2D670419199BAE7600E1FEE3 /* en */,
			);
			name = InfoPlist.strings;
			sourceTree = "<group>";
		};
/* End PBXVariantGroup section */

/* Begin XCBuildConfiguration section */
		2D67041D199BAE7600E1FEE3 /* Debug */ = {
			isa = XCBuildConfiguration;
			buildSettings = {
				ALWAYS_SEARCH_USER_PATHS = NO;
				CLANG_CXX_LANGUAGE_STANDARD = "gnu++0x";
				CLANG_CXX_LIBRARY = "libc++";
				CLANG_ENABLE_MODULES = YES;
				CLANG_ENABLE_OBJC_ARC = YES;
				CLANG_WARN_BOOL_CONVERSION = YES;
				CLANG_WARN_CONSTANT_CONVERSION = YES;
				CLANG_WARN_DIRECT_OBJC_ISA_USAGE = YES_ERROR;
				CLANG_WARN_EMPTY_BODY = YES;
				CLANG_WARN_ENUM_CONVERSION = YES;
				CLANG_WARN_INT_CONVERSION = YES;
				CLANG_WARN_OBJC_ROOT_CLASS = YES_ERROR;
				CLANG_WARN__DUPLICATE_METHOD_MATCH = YES;
				"CODE_SIGN_IDENTITY[sdk=iphoneos*]" = "iPhone Developer";
				COPY_PHASE_STRIP = NO;
				GCC_C_LANGUAGE_STANDARD = gnu99;
				GCC_DYNAMIC_NO_PIC = NO;
				GCC_OPTIMIZATION_LEVEL = 0;
				GCC_PREPROCESSOR_DEFINITIONS = (
					"DEBUG=1",
					"$(inherited)",
				);
				GCC_SYMBOLS_PRIVATE_EXTERN = NO;
				GCC_WARN_64_TO_32_BIT_CONVERSION = YES;
				GCC_WARN_ABOUT_RETURN_TYPE = YES_ERROR;
				GCC_WARN_UNDECLARED_SELECTOR = YES;
				GCC_WARN_UNINITIALIZED_AUTOS = YES_AGGRESSIVE;
				GCC_WARN_UNUSED_FUNCTION = YES;
				GCC_WARN_UNUSED_VARIABLE = YES;
				IPHONEOS_DEPLOYMENT_TARGET = 7.1;
				ONLY_ACTIVE_ARCH = YES;
				SDKROOT = iphoneos;
			};
			name = Debug;
		};
		2D67041E199BAE7600E1FEE3 /* Release */ = {
			isa = XCBuildConfiguration;
			buildSettings = {
				ALWAYS_SEARCH_USER_PATHS = NO;
				CLANG_CXX_LANGUAGE_STANDARD = "gnu++0x";
				CLANG_CXX_LIBRARY = "libc++";
				CLANG_ENABLE_MODULES = YES;
				CLANG_ENABLE_OBJC_ARC = YES;
				CLANG_WARN_BOOL_CONVERSION = YES;
				CLANG_WARN_CONSTANT_CONVERSION = YES;
				CLANG_WARN_DIRECT_OBJC_ISA_USAGE = YES_ERROR;
				CLANG_WARN_EMPTY_BODY = YES;
				CLANG_WARN_ENUM_CONVERSION = YES;
				CLANG_WARN_INT_CONVERSION = YES;
				CLANG_WARN_OBJC_ROOT_CLASS = YES_ERROR;
				CLANG_WARN__DUPLICATE_METHOD_MATCH = YES;
				"CODE_SIGN_IDENTITY[sdk=iphoneos*]" = "iPhone Developer";
				COPY_PHASE_STRIP = YES;
				ENABLE_NS_ASSERTIONS = NO;
				GCC_C_LANGUAGE_STANDARD = gnu99;
				GCC_WARN_64_TO_32_BIT_CONVERSION = YES;
				GCC_WARN_ABOUT_RETURN_TYPE = YES_ERROR;
				GCC_WARN_UNDECLARED_SELECTOR = YES;
				GCC_WARN_UNINITIALIZED_AUTOS = YES_AGGRESSIVE;
				GCC_WARN_UNUSED_FUNCTION = YES;
				GCC_WARN_UNUSED_VARIABLE = YES;
				IPHONEOS_DEPLOYMENT_TARGET = 7.1;
				SDKROOT = iphoneos;
				VALIDATE_PRODUCT = YES;
			};
			name = Release;
		};
		2D670420199BAE7600E1FEE3 /* Debug */ = {
			isa = XCBuildConfiguration;
			buildSettings = {
				ASSETCATALOG_COMPILER_APPICON_NAME = AppIcon;
				ASSETCATALOG_COMPILER_LAUNCHIMAGE_NAME = LaunchImage;
				GCC_PRECOMPILE_PREFIX_HEADER = YES;
				GCC_PREFIX_HEADER = "iPoker/iPoker-Prefix.pch";
				INFOPLIST_FILE = "iPoker/iPoker-Info.plist";
				PRODUCT_NAME = "$(TARGET_NAME)";
				WRAPPER_EXTENSION = app;
			};
			name = Debug;
		};
		2D670421199BAE7600E1FEE3 /* Release */ = {
			isa = XCBuildConfiguration;
			buildSettings = {
				ASSETCATALOG_COMPILER_APPICON_NAME = AppIcon;
				ASSETCATALOG_COMPILER_LAUNCHIMAGE_NAME = LaunchImage;
				GCC_PRECOMPILE_PREFIX_HEADER = YES;
				GCC_PREFIX_HEADER = "iPoker/iPoker-Prefix.pch";
				INFOPLIST_FILE = "iPoker/iPoker-Info.plist";
				PRODUCT_NAME = "$(TARGET_NAME)";
				WRAPPER_EXTENSION = app;
			};
			name = Release;
		};
		2D670423199BAE7600E1FEE3 /* Debug */ = {
			isa = XCBuildConfiguration;
			buildSettings = {
				BUNDLE_LOADER = "$(BUILT_PRODUCTS_DIR)/iPoker.app/iPoker";
				FRAMEWORK_SEARCH_PATHS = (
					"$(SDKROOT)/Developer/Library/Frameworks",
					"$(inherited)",
					"$(DEVELOPER_FRAMEWORKS_DIR)",
				);
				GCC_PRECOMPILE_PREFIX_HEADER = YES;
				GCC_PREFIX_HEADER = "iPoker/iPoker-Prefix.pch";
				GCC_PREPROCESSOR_DEFINITIONS = (
					"DEBUG=1",
					"$(inherited)",
				);
				INFOPLIST_FILE = "iPokerTests/iPokerTests-Info.plist";
				PRODUCT_NAME = "$(TARGET_NAME)";
				TEST_HOST = "$(BUNDLE_LOADER)";
				WRAPPER_EXTENSION = xctest;
			};
			name = Debug;
		};
		2D670424199BAE7600E1FEE3 /* Release */ = {
			isa = XCBuildConfiguration;
			buildSettings = {
				BUNDLE_LOADER = "$(BUILT_PRODUCTS_DIR)/iPoker.app/iPoker";
				FRAMEWORK_SEARCH_PATHS = (
					"$(SDKROOT)/Developer/Library/Frameworks",
					"$(inherited)",
					"$(DEVELOPER_FRAMEWORKS_DIR)",
				);
				GCC_PRECOMPILE_PREFIX_HEADER = YES;
				GCC_PREFIX_HEADER = "iPoker/iPoker-Prefix.pch";
				INFOPLIST_FILE = "iPokerTests/iPokerTests-Info.plist";
				PRODUCT_NAME = "$(TARGET_NAME)";
				TEST_HOST = "$(BUNDLE_LOADER)";
				WRAPPER_EXTENSION = xctest;
			};
			name = Release;
		};
/* End XCBuildConfiguration section */

/* Begin XCConfigurationList section */
		2D6703E8199BAE7600E1FEE3 /* Build configuration list for PBXProject "iPoker" */ = {
			isa = XCConfigurationList;
			buildConfigurations = (
				2D67041D199BAE7600E1FEE3 /* Debug */,
				2D67041E199BAE7600E1FEE3 /* Release */,
			);
			defaultConfigurationIsVisible = 0;
			defaultConfigurationName = Release;
		};
		2D67041F199BAE7600E1FEE3 /* Build configuration list for PBXNativeTarget "iPoker" */ = {
			isa = XCConfigurationList;
			buildConfigurations = (
				2D670420199BAE7600E1FEE3 /* Debug */,
				2D670421199BAE7600E1FEE3 /* Release */,
			);
			defaultConfigurationIsVisible = 0;
			defaultConfigurationName = Release;
		};
		2D670422199BAE7600E1FEE3 /* Build configuration list for PBXNativeTarget "iPokerTests" */ = {
			isa = XCConfigurationList;
			buildConfigurations = (
				2D670423199BAE7600E1FEE3 /* Debug */,
				2D670424199BAE7600E1FEE3 /* Release */,
			);
			defaultConfigurationIsVisible = 0;
			defaultConfigurationName = Release;
		};
/* End XCConfigurationList section */
	};
	rootObject = 2D6703E5199BAE7600E1FEE3 /* Project object */;
}
